{
  "name": "ios-simulator-skill",
  "lockfileVersion": 3,
  "requires": true,
  "packages": {
    "": {
      "name": "ios-simulator-skill",
      "devDependencies": {
        "serve-sim": "^0.1.40"
      }
    },
    "node_modules/inspect-webkit": {
      "version": "0.0.5",
      "resolved": "https://registry.npmjs.org/inspect-webkit/-/inspect-webkit-0.0.5.tgz",
      "integrity": "sha512-584wP/2nJO1LX74nqHP2j0tQzlK9ZTi+D0Z9qeLQjtUR/LCMXQHGX8M0vrsqBwTeGakF7q5GMFpg81nxUYlCvw==",
      "dev": true,
      "license": "MIT",
      "bin": {
        "inspect-webkit": "dist/cli.js"
      },
      "peerDependencies": {
        "typescript": "^5"
      }
    },
    "node_modules/serve-sim": {
      "version": "0.1.40",
      "resolved": "https://registry.npmjs.org/serve-sim/-/serve-sim-0.1.40.tgz",
      "integrity": "sha512-32JSUriN/EnNR3zx6fmiOKjuFrbA8VHWR2J3dX8T51Z/xkSmrSLOwaz/3W9lPiCIaF2O3LT4qpAhLkp0f1kVaw==",
      "dev": true,
      "license": "Apache-2.0",
      "dependencies": {
        "inspect-webkit": "^0.0.5"
      },
      "bin": {
        "serve-sim": "dist/serve-sim.js"
      },
      "engines": {
        "node": ">=18"
      }
    },
    "node_modules/typescript": {
      "version": "5.9.3",
      "resolved": "https://registry.npmjs.org/typescript/-/typescript-5.9.3.tgz",
      "integrity": "sha512-jl1vZzPDinLr9eUt3J/t7V6FgNEw9QjvBPdysz9KfQDD41fQrC2Y4vKQdiaUpFT4bXlb1RHhLpp8wtm6M5TgSw==",
      "dev": true,
      "license": "Apache-2.0",
      "peer": true,
      "bin": {
        "tsc": "bin/tsc",
        "tsserver": "bin/tsserver"
      },
      "engines": {
        "node": ">=14.17"
      }
    }
  }
}
